// !$*UTF8*$!
{
	archiveVersion = 1;
	classes = {
	};
	objectVersion = 50;
	objects = {

/* Begin PBXBuildFile section */
		A10F913122A3C63200D01DE0 /* MapViewController.swift in Sources */ = {isa = PBXBuildFile; fileRef = A10F913022A3C63200D01DE0 /* MapViewController.swift */; };
		A10F913322A3C68B00D01DE0 /* Shelter.swift in Sources */ = {isa = PBXBuildFile; fileRef = A10F913222A3C68B00D01DE0 /* Shelter.swift */; };
		A10F913C22A3FFBD00D01DE0 /* DropDownCell.swift in Sources */ = {isa = PBXBuildFile; fileRef = A10F913822A3FFBD00D01DE0 /* DropDownCell.swift */; };
		A10F913D22A3FFBD00D01DE0 /* DropDown+Appearance.swift in Sources */ = {isa = PBXBuildFile; fileRef = A10F913922A3FFBD00D01DE0 /* DropDown+Appearance.swift */; };
		A10F913E22A3FFBD00D01DE0 /* DropDown.swift in Sources */ = {isa = PBXBuildFile; fileRef = A10F913A22A3FFBD00D01DE0 /* DropDown.swift */; };
		A10F914222A3FFC400D01DE0 /* DPDKeyboardListener.swift in Sources */ = {isa = PBXBuildFile; fileRef = A10F913F22A3FFC400D01DE0 /* DPDKeyboardListener.swift */; };
		A10F914322A3FFC400D01DE0 /* DPDConstants.swift in Sources */ = {isa = PBXBuildFile; fileRef = A10F914022A3FFC400D01DE0 /* DPDConstants.swift */; };
		A10F914422A3FFC400D01DE0 /* DPDUIView+Extension.swift in Sources */ = {isa = PBXBuildFile; fileRef = A10F914122A3FFC400D01DE0 /* DPDUIView+Extension.swift */; };
		A10F917122A40AE800D01DE0 /* DropDownCell.xib in Resources */ = {isa = PBXBuildFile; fileRef = A10F917022A40AE800D01DE0 /* DropDownCell.xib */; };
		A10F917322A46E2A00D01DE0 /* CollectionViewController.swift in Sources */ = {isa = PBXBuildFile; fileRef = A10F917222A46E2A00D01DE0 /* CollectionViewController.swift */; };
		A10F917A22A470DF00D01DE0 /* CustomCollectionViewCell.swift in Sources */ = {isa = PBXBuildFile; fileRef = A10F917922A470DF00D01DE0 /* CustomCollectionViewCell.swift */; };
		A10F918D22A48C4300D01DE0 /* StoredTableViewController.swift in Sources */ = {isa = PBXBuildFile; fileRef = A10F918C22A48C4300D01DE0 /* StoredTableViewController.swift */; };
		A10F918F22A4975400D01DE0 /* DetailTableViewController2.swift in Sources */ = {isa = PBXBuildFile; fileRef = A10F918E22A4975300D01DE0 /* DetailTableViewController2.swift */; };
		A1467A4B22B6C4DA004E0419 /* TabViewController.swift in Sources */ = {isa = PBXBuildFile; fileRef = A1467A4A22B6C4DA004E0419 /* TabViewController.swift */; };
		A1467B0D22B6D8EA004E0419 /* ExplodeView.swift in Sources */ = {isa = PBXBuildFile; fileRef = A1467B0C22B6D8EA004E0419 /* ExplodeView.swift */; };
		A1467B0F22B6DBA5004E0419 /* StardustView.swift in Sources */ = {isa = PBXBuildFile; fileRef = A1467B0E22B6DBA4004E0419 /* StardustView.swift */; };
		A14D00D12288F6EB00815C84 /* AppDelegate.swift in Sources */ = {isa = PBXBuildFile; fileRef = A14D00D02288F6EB00815C84 /* AppDelegate.swift */; };
		A14D00D32288F6EB00815C84 /* ViewController.swift in Sources */ = {isa = PBXBuildFile; fileRef = A14D00D22288F6EB00815C84 /* ViewController.swift */; };
		A14D00D62288F6EB00815C84 /* Main.storyboard in Resources */ = {isa = PBXBuildFile; fileRef = A14D00D42288F6EB00815C84 /* Main.storyboard */; };
		A14D00D82288F6EC00815C84 /* Assets.xcassets in Resources */ = {isa = PBXBuildFile; fileRef = A14D00D72288F6EC00815C84 /* Assets.xcassets */; };
		A14D00DB2288F6EC00815C84 /* LaunchScreen.storyboard in Resources */ = {isa = PBXBuildFile; fileRef = A14D00D92288F6EC00815C84 /* LaunchScreen.storyboard */; };
		A184473622A3BDF90091D260 /* ShelterTableViewController.swift in Sources */ = {isa = PBXBuildFile; fileRef = A184473522A3BDF80091D260 /* ShelterTableViewController.swift */; };
		A184473822A3BE990091D260 /* DetailTableViewController.swift in Sources */ = {isa = PBXBuildFile; fileRef = A184473722A3BE990091D260 /* DetailTableViewController.swift */; };
		AADEDC1A380A3E0799FE3E99 /* Pods_StrayPet.framework in Frameworks */ = {isa = PBXBuildFile; fileRef = 41EB9E5E73B942EF8859A3A9 /* Pods_StrayPet.framework */; };
/* End PBXBuildFile section */

/* Begin PBXFileReference section */
		41EB9E5E73B942EF8859A3A9 /* Pods_StrayPet.framework */ = {isa = PBXFileReference; explicitFileType = wrapper.framework; includeInIndex = 0; path = Pods_StrayPet.framework; sourceTree = BUILT_PRODUCTS_DIR; };
		50491B0A3B533B6FFF8FB997 /* Pods-StrayPet.release.xcconfig */ = {isa = PBXFileReference; includeInIndex = 1; lastKnownFileType = text.xcconfig; name = "Pods-StrayPet.release.xcconfig"; path = "Target Support Files/Pods-StrayPet/Pods-StrayPet.release.xcconfig"; sourceTree = "<group>"; };
		7862CE3F56CE53DD182C8422 /* Pods-StrayPet.debug.xcconfig */ = {isa = PBXFileReference; includeInIndex = 1; lastKnownFileType = text.xcconfig; name = "Pods-StrayPet.debug.xcconfig"; path = "Target Support Files/Pods-StrayPet/Pods-StrayPet.debug.xcconfig"; sourceTree = "<group>"; };
		A10F913022A3C63200D01DE0 /* MapViewController.swift */ = {isa = PBXFileReference; fileEncoding = 4; lastKnownFileType = sourcecode.swift; name = MapViewController.swift; path = ../../test/test/MapViewController.swift; sourceTree = "<group>"; };
		A10F913222A3C68B00D01DE0 /* Shelter.swift */ = {isa = PBXFileReference; fileEncoding = 4; lastKnownFileType = sourcecode.swift; path = Shelter.swift; sourceTree = "<group>"; };
		A10F913822A3FFBD00D01DE0 /* DropDownCell.swift */ = {isa = PBXFileReference; lastKnownFileType = sourcecode.swift; name = DropDownCell.swift; path = ../../test3/test3/DropDownCell.swift; sourceTree = "<group>"; };
		A10F913922A3FFBD00D01DE0 /* DropDown+Appearance.swift */ = {isa = PBXFileReference; lastKnownFileType = sourcecode.swift; name = "DropDown+Appearance.swift"; path = "../../test3/test3/DropDown+Appearance.swift"; sourceTree = "<group>"; };
		A10F913A22A3FFBD00D01DE0 /* DropDown.swift */ = {isa = PBXFileReference; lastKnownFileType = sourcecode.swift; name = DropDown.swift; path = ../../test3/test3/DropDown.swift; sourceTree = "<group>"; };
		A10F913B22A3FFBD00D01DE0 /* DropDown.h */ = {isa = PBXFileReference; lastKnownFileType = sourcecode.c.h; name = DropDown.h; path = ../../test3/test3/DropDown.h; sourceTree = "<group>"; };
		A10F913F22A3FFC400D01DE0 /* DPDKeyboardListener.swift */ = {isa = PBXFileReference; lastKnownFileType = sourcecode.swift; name = DPDKeyboardListener.swift; path = ../../test3/test3/DPDKeyboardListener.swift; sourceTree = "<group>"; };
		A10F914022A3FFC400D01DE0 /* DPDConstants.swift */ = {isa = PBXFileReference; lastKnownFileType = sourcecode.swift; name = DPDConstants.swift; path = ../../test3/test3/DPDConstants.swift; sourceTree = "<group>"; };
		A10F914122A3FFC400D01DE0 /* DPDUIView+Extension.swift */ = {isa = PBXFileReference; lastKnownFileType = sourcecode.swift; name = "DPDUIView+Extension.swift"; path = "../../test3/test3/DPDUIView+Extension.swift"; sourceTree = "<group>"; };
		A10F917022A40AE800D01DE0 /* DropDownCell.xib */ = {isa = PBXFileReference; fileEncoding = 4; lastKnownFileType = file.xib; name = DropDownCell.xib; path = ../../test3/test3/DropDownCell.xib; sourceTree = "<group>"; };
		A10F917222A46E2A00D01DE0 /* CollectionViewController.swift */ = {isa = PBXFileReference; lastKnownFileType = sourcecode.swift; name = CollectionViewController.swift; path = ../../test/test/CollectionViewController.swift; sourceTree = "<group>"; };
		A10F917922A470DF00D01DE0 /* CustomCollectionViewCell.swift */ = {isa = PBXFileReference; fileEncoding = 4; lastKnownFileType = sourcecode.swift; name = CustomCollectionViewCell.swift; path = ../../test/test/CustomCollectionViewCell.swift; sourceTree = "<group>"; };
		A10F918C22A48C4300D01DE0 /* StoredTableViewController.swift */ = {isa = PBXFileReference; fileEncoding = 4; lastKnownFileType = sourcecode.swift; name = StoredTableViewController.swift; path = ../../test/test/StoredTableViewController.swift; sourceTree = "<group>"; };
		A10F918E22A4975300D01DE0 /* DetailTableViewController2.swift */ = {isa = PBXFileReference; fileEncoding = 4; lastKnownFileType = sourcecode.swift; name = DetailTableViewController2.swift; path = ../../test/test/DetailTableViewController2.swift; sourceTree = "<group>"; };
		A1467A4A22B6C4DA004E0419 /* TabViewController.swift */ = {isa = PBXFileReference; lastKnownFileType = sourcecode.swift; path = TabViewController.swift; sourceTree = "<group>"; };
		A1467B0C22B6D8EA004E0419 /* ExplodeView.swift */ = {isa = PBXFileReference; fileEncoding = 4; lastKnownFileType = sourcecode.swift; path = ExplodeView.swift; sourceTree = "<group>"; };
		A1467B0E22B6DBA4004E0419 /* StardustView.swift */ = {isa = PBXFileReference; fileEncoding = 4; lastKnownFileType = sourcecode.swift; path = StardustView.swift; sourceTree = "<group>"; };
		A14D00CD2288F6EB00815C84 /* StrayPet.app */ = {isa = PBXFileReference; explicitFileType = wrapper.application; includeInIndex = 0; path = StrayPet.app; sourceTree = BUILT_PRODUCTS_DIR; };
		A14D00D02288F6EB00815C84 /* AppDelegate.swift */ = {isa = PBXFileReference; lastKnownFileType = sourcecode.swift; path = AppDelegate.swift; sourceTree = "<group>"; };
		A14D00D22288F6EB00815C84 /* ViewController.swift */ = {isa = PBXFileReference; lastKnownFileType = sourcecode.swift; path = ViewController.swift; sourceTree = "<group>"; };
		A14D00D52288F6EB00815C84 /* Base */ = {isa = PBXFileReference; lastKnownFileType = file.storyboard; name = Base; path = Base.lproj/Main.storyboard; sourceTree = "<group>"; };
		A14D00D72288F6EC00815C84 /* Assets.xcassets */ = {isa = PBXFileReference; lastKnownFileType = folder.assetcatalog; path = Assets.xcassets; sourceTree = "<group>"; };
		A14D00DA2288F6EC00815C84 /* Base */ = {isa = PBXFileReference; lastKnownFileType = file.storyboard; name = Base; path = Base.lproj/LaunchScreen.storyboard; sourceTree = "<group>"; };
		A14D00DC2288F6EC00815C84 /* Info.plist */ = {isa = PBXFileReference; lastKnownFileType = text.plist.xml; path = Info.plist; sourceTree = "<group>"; };
		A184473522A3BDF80091D260 /* ShelterTableViewController.swift */ = {isa = PBXFileReference; fileEncoding = 4; lastKnownFileType = sourcecode.swift; name = ShelterTableViewController.swift; path = ../../test/test/ShelterTableViewController.swift; sourceTree = "<group>"; };
		A184473722A3BE990091D260 /* DetailTableViewController.swift */ = {isa = PBXFileReference; fileEncoding = 4; lastKnownFileType = sourcecode.swift; name = DetailTableViewController.swift; path = ../../test/test/DetailTableViewController.swift; sourceTree = "<group>"; };
/* End PBXFileReference section */

/* Begin PBXFrameworksBuildPhase section */
		A14D00CA2288F6EB00815C84 /* Frameworks */ = {
			isa = PBXFrameworksBuildPhase;
			buildActionMask = 2147483647;
			files = (
				AADEDC1A380A3E0799FE3E99 /* Pods_StrayPet.framework in Frameworks */,
			);
			runOnlyForDeploymentPostprocessing = 0;
		};
/* End PBXFrameworksBuildPhase section */

/* Begin PBXGroup section */
		90BC7355025FA5131794CB1E /* Pods */ = {
			isa = PBXGroup;
			children = (
				7862CE3F56CE53DD182C8422 /* Pods-StrayPet.debug.xcconfig */,
				50491B0A3B533B6FFF8FB997 /* Pods-StrayPet.release.xcconfig */,
			);
			path = Pods;
			sourceTree = "<group>";
		};
		A14D00C42288F6EB00815C84 = {
			isa = PBXGroup;
			children = (
				A14D00CF2288F6EB00815C84 /* StrayPet */,
				A14D00CE2288F6EB00815C84 /* Products */,
				90BC7355025FA5131794CB1E /* Pods */,
				DE0C1C205B27416B3D4D4020 /* Frameworks */,
			);
			sourceTree = "<group>";
		};
		A14D00CE2288F6EB00815C84 /* Products */ = {
			isa = PBXGroup;
			children = (
				A14D00CD2288F6EB00815C84 /* StrayPet.app */,
			);
			name = Products;
			sourceTree = "<group>";
		};
		A14D00CF2288F6EB00815C84 /* StrayPet */ = {
			isa = PBXGroup;
			children = (
				A10F913222A3C68B00D01DE0 /* Shelter.swift */,
				A14D00D02288F6EB00815C84 /* AppDelegate.swift */,
				A14D00D22288F6EB00815C84 /* ViewController.swift */,
				A14D00D42288F6EB00815C84 /* Main.storyboard */,
				A10F917222A46E2A00D01DE0 /* CollectionViewController.swift */,
				A10F917922A470DF00D01DE0 /* CustomCollectionViewCell.swift */,
				A184473522A3BDF80091D260 /* ShelterTableViewController.swift */,
				A184473722A3BE990091D260 /* DetailTableViewController.swift */,
				A10F918E22A4975300D01DE0 /* DetailTableViewController2.swift */,
				A10F913022A3C63200D01DE0 /* MapViewController.swift */,
				A10F918C22A48C4300D01DE0 /* StoredTableViewController.swift */,
				A1467B0C22B6D8EA004E0419 /* ExplodeView.swift */,
				A1467B0E22B6DBA4004E0419 /* StardustView.swift */,
				A14D00D72288F6EC00815C84 /* Assets.xcassets */,
				A10F913B22A3FFBD00D01DE0 /* DropDown.h */,
				A10F913A22A3FFBD00D01DE0 /* DropDown.swift */,
				A10F913922A3FFBD00D01DE0 /* DropDown+Appearance.swift */,
				A10F913822A3FFBD00D01DE0 /* DropDownCell.swift */,
				A10F914022A3FFC400D01DE0 /* DPDConstants.swift */,
				A10F913F22A3FFC400D01DE0 /* DPDKeyboardListener.swift */,
				A10F914122A3FFC400D01DE0 /* DPDUIView+Extension.swift */,
				A10F917022A40AE800D01DE0 /* DropDownCell.xib */,
				A14D00D92288F6EC00815C84 /* LaunchScreen.storyboard */,
				A14D00DC2288F6EC00815C84 /* Info.plist */,
				A1467A4A22B6C4DA004E0419 /* TabViewController.swift */,
			);
			path = StrayPet;
			sourceTree = "<group>";
		};
		DE0C1C205B27416B3D4D4020 /* Frameworks */ = {
			isa = PBXGroup;
			children = (
				41EB9E5E73B942EF8859A3A9 /* Pods_StrayPet.framework */,
			);
			name = Frameworks;
			sourceTree = "<group>";
		};
/* End PBXGroup section */

/* Begin PBXNativeTarget section */
		A14D00CC2288F6EB00815C84 /* StrayPet */ = {
			isa = PBXNativeTarget;
			buildConfigurationList = A14D00DF2288F6EC00815C84 /* Build configuration list for PBXNativeTarget "StrayPet" */;
			buildPhases = (
				20FF6E5C1FA5987C574DA262 /* [CP] Check Pods Manifest.lock */,
				A14D00C92288F6EB00815C84 /* Sources */,
				A14D00CA2288F6EB00815C84 /* Frameworks */,
				A14D00CB2288F6EB00815C84 /* Resources */,
			);
			buildRules = (
			);
			dependencies = (
			);
			name = StrayPet;
			productName = StrayPet;
			productReference = A14D00CD2288F6EB00815C84 /* StrayPet.app */;
			productType = "com.apple.product-type.application";
		};
/* End PBXNativeTarget section */

/* Begin PBXProject section */
		A14D00C52288F6EB00815C84 /* Project object */ = {
			isa = PBXProject;
			attributes = {
				LastSwiftUpdateCheck = 1010;
				LastUpgradeCheck = 1010;
				ORGANIZATIONNAME = kpugame;
				TargetAttributes = {
					A14D00CC2288F6EB00815C84 = {
						CreatedOnToolsVersion = 10.1;
					};
				};
			};
			buildConfigurationList = A14D00C82288F6EB00815C84 /* Build configuration list for PBXProject "StrayPet" */;
			compatibilityVersion = "Xcode 9.3";
			developmentRegion = en;
			hasScannedForEncodings = 0;
			knownRegions = (
				en,
				Base,
			);
			mainGroup = A14D00C42288F6EB00815C84;
			productRefGroup = A14D00CE2288F6EB00815C84 /* Products */;
			projectDirPath = "";
			projectRoot = "";
			targets = (
				A14D00CC2288F6EB00815C84 /* StrayPet */,
			);
		};
/* End PBXProject section */

/* Begin PBXResourcesBuildPhase section */
		A14D00CB2288F6EB00815C84 /* Resources */ = {
			isa = PBXResourcesBuildPhase;
			buildActionMask = 2147483647;
			files = (
				A14D00DB2288F6EC00815C84 /* LaunchScreen.storyboard in Resources */,
				A14D00D82288F6EC00815C84 /* Assets.xcassets in Resources */,
				A10F917122A40AE800D01DE0 /* DropDownCell.xib in Resources */,
				A14D00D62288F6EB00815C84 /* Main.storyboard in Resources */,
			);
			runOnlyForDeploymentPostprocessing = 0;
		};
/* End PBXResourcesBuildPhase section */

/* Begin PBXShellScriptBuildPhase section */
		20FF6E5C1FA5987C574DA262 /* [CP] Check Pods Manifest.lock */ = {
			isa = PBXShellScriptBuildPhase;
			buildActionMask = 2147483647;
			files = (
			);
			inputFileListPaths = (
			);
			inputPaths = (
				"${PODS_PODFILE_DIR_PATH}/Podfile.lock",
				"${PODS_ROOT}/Manifest.lock",
			);
			name = "[CP] Check Pods Manifest.lock";
			outputFileListPaths = (
			);
			outputPaths = (
				"$(DERIVED_FILE_DIR)/Pods-StrayPet-checkManifestLockResult.txt",
			);
			runOnlyForDeploymentPostprocessing = 0;
			shellPath = /bin/sh;
			shellScript = "diff \"${PODS_PODFILE_DIR_PATH}/Podfile.lock\" \"${PODS_ROOT}/Manifest.lock\" > /dev/null\nif [ $? != 0 ] ; then\n    # print error to STDERR\n    echo \"error: The sandbox is not in sync with the Podfile.lock. Run 'pod install' or update your CocoaPods installation.\" >&2\n    exit 1\nfi\n# This output is used by Xcode 'outputs' to avoid re-running this script phase.\necho \"SUCCESS\" > \"${SCRIPT_OUTPUT_FILE_0}\"\n";
			showEnvVarsInLog = 0;
		};
/* End PBXShellScriptBuildPhase section */

/* Begin PBXSourcesBuildPhase section */
		A14D00C92288F6EB00815C84 /* Sources */ = {
			isa = PBXSourcesBuildPhase;
			buildActionMask = 2147483647;
			files = (
				A1467B0D22B6D8EA004E0419 /* ExplodeView.swift in Sources */,
				A10F918D22A48C4300D01DE0 /* StoredTableViewController.swift in Sources */,
				A10F917322A46E2A00D01DE0 /* CollectionViewController.swift in Sources */,
				A10F917A22A470DF00D01DE0 /* CustomCollectionViewCell.swift in Sources */,
				A10F914322A3FFC400D01DE0 /* DPDConstants.swift in Sources */,
				A184473822A3BE990091D260 /* DetailTableViewController.swift in Sources */,
				A1467A4B22B6C4DA004E0419 /* TabViewController.swift in Sources */,
				A10F913322A3C68B00D01DE0 /* Shelter.swift in Sources */,
				A14D00D32288F6EB00815C84 /* ViewController.swift in Sources */,
				A10F914222A3FFC400D01DE0 /* DPDKeyboardListener.swift in Sources */,
				A10F913C22A3FFBD00D01DE0 /* DropDownCell.swift in Sources */,
				A1467B0F22B6DBA5004E0419 /* StardustView.swift in Sources */,
				A10F913D22A3FFBD00D01DE0 /* DropDown+Appearance.swift in Sources */,
				A14D00D12288F6EB00815C84 /* AppDelegate.swift in Sources */,
				A10F913122A3C63200D01DE0 /* MapViewController.swift in Sources */,
				A10F914422A3FFC400D01DE0 /* DPDUIView+Extension.swift in Sources */,
				A184473622A3BDF90091D260 /* ShelterTableViewController.swift in Sources */,
				A10F918F22A4975400D01DE0 /* DetailTableViewController2.swift in Sources */,
				A10F913E22A3FFBD00D01DE0 /* DropDown.swift in Sources */,
			);
			runOnlyForDeploymentPostprocessing = 0;
		};
/* End PBXSourcesBuildPhase section */

/* Begin PBXVariantGroup section */
		A14D00D42288F6EB00815C84 /* Main.storyboard */ = {
			isa = PBXVariantGroup;
			children = (
				A14D00D52288F6EB00815C84 /* Base */,
			);
			name = Main.storyboard;
			sourceTree = "<group>";
		};
		A14D00D92288F6EC00815C84 /* LaunchScreen.storyboard */ = {
			isa = PBXVariantGroup;
			children = (
				A14D00DA2288F6EC00815C84 /* Base */,
			);
			name = LaunchScreen.storyboard;
			sourceTree = "<group>";
		};
/* End PBXVariantGroup section */

/* Begin XCBuildConfiguration section */
		A14D00DD2288F6EC00815C84 /* Debug */ = {
			isa = XCBuildConfiguration;
			buildSettings = {
				ALWAYS_SEARCH_USER_PATHS = NO;
				CLANG_ANALYZER_NONNULL = YES;
				CLANG_ANALYZER_NUMBER_OBJECT_CONVERSION = YES_AGGRESSIVE;
				CLANG_CXX_LANGUAGE_STANDARD = "gnu++14";
				CLANG_CXX_LIBRARY = "libc++";
				CLANG_ENABLE_MODULES = YES;
				CLANG_ENABLE_OBJC_ARC = YES;
				CLANG_ENABLE_OBJC_WEAK = YES;
				CLANG_WARN_BLOCK_CAPTURE_AUTORELEASING = YES;
				CLANG_WARN_BOOL_CONVERSION = YES;
				CLANG_WARN_COMMA = YES;
				CLANG_WARN_CONSTANT_CONVERSION = YES;
				CLANG_WARN_DEPRECATED_OBJC_IMPLEMENTATIONS = YES;
				CLANG_WARN_DIRECT_OBJC_ISA_USAGE = YES_ERROR;
				CLANG_WARN_DOCUMENTATION_COMMENTS = YES;
				CLANG_WARN_EMPTY_BODY = YES;
				CLANG_WARN_ENUM_CONVERSION = YES;
				CLANG_WARN_INFINITE_RECURSION = YES;
				CLANG_WARN_INT_CONVERSION = YES;
				CLANG_WARN_NON_LITERAL_NULL_CONVERSION = YES;
				CLANG_WARN_OBJC_IMPLICIT_RETAIN_SELF = YES;
				CLANG_WARN_OBJC_LITERAL_CONVERSION = YES;
				CLANG_WARN_OBJC_ROOT_CLASS = YES_ERROR;
				CLANG_WARN_RANGE_LOOP_ANALYSIS = YES;
				CLANG_WARN_STRICT_PROTOTYPES = YES;
				CLANG_WARN_SUSPICIOUS_MOVE = YES;
				CLANG_WARN_UNGUARDED_AVAILABILITY = YES_AGGRESSIVE;
				CLANG_WARN_UNREACHABLE_CODE = YES;
				CLANG_WARN__DUPLICATE_METHOD_MATCH = YES;
				CODE_SIGN_IDENTITY = "iPhone Developer";
				COPY_PHASE_STRIP = NO;
				DEBUG_INFORMATION_FORMAT = dwarf;
				ENABLE_STRICT_OBJC_MSGSEND = YES;
				ENABLE_TESTABILITY = YES;
				GCC_C_LANGUAGE_STANDARD = gnu11;
				GCC_DYNAMIC_NO_PIC = NO;
				GCC_NO_COMMON_BLOCKS = YES;
				GCC_OPTIMIZATION_LEVEL = 0;
				GCC_PREPROCESSOR_DEFINITIONS = (
					"DEBUG=1",
					"$(inherited)",
				);
				GCC_WARN_64_TO_32_BIT_CONVERSION = YES;
				GCC_WARN_ABOUT_RETURN_TYPE = YES_ERROR;
				GCC_WARN_UNDECLARED_SELECTOR = YES;
				GCC_WARN_UNINITIALIZED_AUTOS = YES_AGGRESSIVE;
				GCC_WARN_UNUSED_FUNCTION = YES;
				GCC_WARN_UNUSED_VARIABLE = YES;
				IPHONEOS_DEPLOYMENT_TARGET = 12.1;
				MTL_ENABLE_DEBUG_INFO = INCLUDE_SOURCE;
				MTL_FAST_MATH = YES;
				ONLY_ACTIVE_ARCH = YES;
				SDKROOT = iphoneos;
				SWIFT_ACTIVE_COMPILATION_CONDITIONS = DEBUG;
				SWIFT_OPTIMIZATION_LEVEL = "-Onone";
			};
			name = Debug;
		};
		A14D00DE2288F6EC00815C84 /* Release */ = {
			isa = XCBuildConfiguration;
			buildSettings = {
				ALWAYS_SEARCH_USER_PATHS = NO;
				CLANG_ANALYZER_NONNULL = YES;
				CLANG_ANALYZER_NUMBER_OBJECT_CONVERSION = YES_AGGRESSIVE;
				CLANG_CXX_LANGUAGE_STANDARD = "gnu++14";
				CLANG_CXX_LIBRARY = "libc++";
				CLANG_ENABLE_MODULES = YES;
				CLANG_ENABLE_OBJC_ARC = YES;
				CLANG_ENABLE_OBJC_WEAK = YES;
				CLANG_WARN_BLOCK_CAPTURE_AUTORELEASING = YES;
				CLANG_WARN_BOOL_CONVERSION = YES;
				CLANG_WARN_COMMA = YES;
				CLANG_WARN_CONSTANT_CONVERSION = YES;
				CLANG_WARN_DEPRECATED_OBJC_IMPLEMENTATIONS = YES;
				CLANG_WARN_DIRECT_OBJC_ISA_USAGE = YES_ERROR;
				CLANG_WARN_DOCUMENTATION_COMMENTS = YES;
				CLANG_WARN_EMPTY_BODY = YES;
				CLANG_WARN_ENUM_CONVERSION = YES;
				CLANG_WARN_INFINITE_RECURSION = YES;
				CLANG_WARN_INT_CONVERSION = YES;
				CLANG_WARN_NON_LITERAL_NULL_CONVERSION = YES;
				CLANG_WARN_OBJC_IMPLICIT_RETAIN_SELF = YES;
				CLANG_WARN_OBJC_LITERAL_CONVERSION = YES;
				CLANG_WARN_OBJC_ROOT_CLASS = YES_ERROR;
				CLANG_WARN_RANGE_LOOP_ANALYSIS = YES;
				CLANG_WARN_STRICT_PROTOTYPES = YES;
				CLANG_WARN_SUSPICIOUS_MOVE = YES;
				CLANG_WARN_UNGUARDED_AVAILABILITY = YES_AGGRESSIVE;
				CLANG_WARN_UNREACHABLE_CODE = YES;
				CLANG_WARN__DUPLICATE_METHOD_MATCH = YES;
				CODE_SIGN_IDENTITY = "iPhone Developer";
				COPY_PHASE_STRIP = NO;
				DEBUG_INFORMATION_FORMAT = "dwarf-with-dsym";
				ENABLE_NS_ASSERTIONS = NO;
				ENABLE_STRICT_OBJC_MSGSEND = YES;
				GCC_C_LANGUAGE_STANDARD = gnu11;
				GCC_NO_COMMON_BLOCKS = YES;
				GCC_WARN_64_TO_32_BIT_CONVERSION = YES;
				GCC_WARN_ABOUT_RETURN_TYPE = YES_ERROR;
				GCC_WARN_UNDECLARED_SELECTOR = YES;
				GCC_WARN_UNINITIALIZED_AUTOS = YES_AGGRESSIVE;
				GCC_WARN_UNUSED_FUNCTION = YES;
				GCC_WARN_UNUSED_VARIABLE = YES;
				IPHONEOS_DEPLOYMENT_TARGET = 12.1;
				MTL_ENABLE_DEBUG_INFO = NO;
				MTL_FAST_MATH = YES;
				SDKROOT = iphoneos;
				SWIFT_COMPILATION_MODE = wholemodule;
				SWIFT_OPTIMIZATION_LEVEL = "-O";
				VALIDATE_PRODUCT = YES;
			};
			name = Release;
		};
		A14D00E02288F6EC00815C84 /* Debug */ = {
			isa = XCBuildConfiguration;
			baseConfigurationReference = 7862CE3F56CE53DD182C8422 /* Pods-StrayPet.debug.xcconfig */;
			buildSettings = {
				ASSETCATALOG_COMPILER_APPICON_NAME = AppIcon;
				CODE_SIGN_STYLE = Automatic;
				DEVELOPMENT_TEAM = LFB72TD89K;
				INFOPLIST_FILE = StrayPet/Info.plist;
				LD_RUNPATH_SEARCH_PATHS = (
					"$(inherited)",
					"@executable_path/Frameworks",
				);
				PRODUCT_BUNDLE_IDENTIFIER = classHomwork.StrayPet;
				PRODUCT_NAME = "$(TARGET_NAME)";
				SWIFT_VERSION = 4.2;
				TARGETED_DEVICE_FAMILY = "1,2";
			};
			name = Debug;
		};
		A14D00E12288F6EC00815C84 /* Release */ = {
			isa = XCBuildConfiguration;
			baseConfigurationReference = 50491B0A3B533B6FFF8FB997 /* Pods-StrayPet.release.xcconfig */;
			buildSettings = {
				ASSETCATALOG_COMPILER_APPICON_NAME = AppIcon;
				CODE_SIGN_STYLE = Automatic;
				DEVELOPMENT_TEAM = LFB72TD89K;
				INFOPLIST_FILE = StrayPet/Info.plist;
				LD_RUNPATH_SEARCH_PATHS = (
					"$(inherited)",
					"@executable_path/Frameworks",
				);
				PRODUCT_BUNDLE_IDENTIFIER = classHomwork.StrayPet;
				PRODUCT_NAME = "$(TARGET_NAME)";
				SWIFT_VERSION = 4.2;
				TARGETED_DEVICE_FAMILY = "1,2";
			};
			name = Release;
		};
/* End XCBuildConfiguration section */

/* Begin XCConfigurationList section */
		A14D00C82288F6EB00815C84 /* Build configuration list for PBXProject "StrayPet" */ = {
			isa = XCConfigurationList;
			buildConfigurations = (
				A14D00DD2288F6EC00815C84 /* Debug */,
				A14D00DE2288F6EC00815C84 /* Release */,
			);
			defaultConfigurationIsVisible = 0;
			defaultConfigurationName = Release;
		};
		A14D00DF2288F6EC00815C84 /* Build configuration list for PBXNativeTarget "StrayPet" */ = {
			isa = XCConfigurationList;
			buildConfigurations = (
				A14D00E02288F6EC00815C84 /* Debug */,
				A14D00E12288F6EC00815C84 /* Release */,
			);
			defaultConfigurationIsVisible = 0;
			defaultConfigurationName = Release;
		};
/* End XCConfigurationList section */
	};
	rootObject = A14D00C52288F6EB00815C84 /* Project object */;
}
